
Microsoft Visual Studio Solution File, Format Version 12.00
# Visual Studio Version 16
VisualStudioVersion = 16.0.30907.101
MinimumVisualStudioVersion = 10.0.40219.1
Project("{FAE04EC0-301F-11D3-BF4B-00C04F79EFBC}") = "A1_Adam_Brennan_82094_", "A1_Adam_Brennan_82094_\A1_Adam_Brennan_82094_.csproj", "{00F3BD3B-E5EF-4489-869B-BE0EA97F8806}"
EndProject
Global
	GlobalSection(SolutionConfigurationPlatforms) = preSolution
		Debug|Any CPU = Debug|Any CPU
		Release|Any CPU = Release|Any CPU
	EndGlobalSection
	GlobalSection(ProjectConfigurationPlatforms) = postSolution
		{00F3BD3B-E5EF-4489-869B-BE0EA97F8806}.Debug|Any CPU.ActiveCfg = Debug|Any CPU
		{00F3BD3B-E5EF-4489-869B-BE0EA97F8806}.Debug|Any CPU.Build.0 = Debug|Any CPU
		{00F3BD3B-E5EF-4489-869B-BE0EA97F8806}.Release|Any CPU.ActiveCfg = Release|Any CPU
		{00F3BD3B-E5EF-4489-869B-BE0EA97F8806}.Release|Any CPU.Build.0 = Release|Any CPU
	EndGlobalSection
	GlobalSection(SolutionProperties) = preSolution
		HideSolutionNode = FALSE
	EndGlobalSection
	GlobalSection(ExtensibilityGlobals) = postSolution
		SolutionGuid = {84B74F8D-D09D-435C-B8EE-18A73E24C27E}
	EndGlobalSection
EndGlobal
